// !$*UTF8*$!
{
	archiveVersion = 1;
	classes = {
	};
	objectVersion = 77;
	objects = {

/* Begin PBXBuildFile section */
		08E30CCA2D887F1D00C4D515 /* Raspberry_Pi_CameraApp.swift in Sources */ = {isa = PBXBuildFile; fileRef = 08E30CC02D887F1D00C4D515 /* Raspberry_Pi_CameraApp.swift */; };
		08E30CCB2D887F1D00C4D515 /* Raspberry_Pi_CameraTests.swift in Sources */ = {isa = PBXBuildFile; fileRef = 08E30CC52D887F1D00C4D515 /* Raspberry_Pi_CameraTests.swift */; };
		08E30CCC2D887F1D00C4D515 /* StreamManager.swift in Sources */ = {isa = PBXBuildFile; fileRef = 08E30CC22D887F1D00C4D515 /* StreamManager.swift */; };
		08E30CCD2D887F1D00C4D515 /* Rasberry_Pi_CameraUITests.swift in Sources */ = {isa = PBXBuildFile; fileRef = 08E30CC72D887F1D00C4D515 /* Rasberry_Pi_CameraUITests.swift */; };
		08E30CCE2D887F1D00C4D515 /* VideoStreamView.swift in Sources */ = {isa = PBXBuildFile; fileRef = 08E30CC32D887F1D00C4D515 /* VideoStreamView.swift */; };
		08E30CCF2D887F1D00C4D515 /* ContentView.swift in Sources */ = {isa = PBXBuildFile; fileRef = 08E30CBF2D887F1D00C4D515 /* ContentView.swift */; };
		08E30CD02D887F1D00C4D515 /* SettingsView.swift in Sources */ = {isa = PBXBuildFile; fileRef = 08E30CC12D887F1D00C4D515 /* SettingsView.swift */; };
		08E30CD12D887F1D00C4D515 /* Rasberry_Pi_CameraUITestsLaunchTests.swift in Sources */ = {isa = PBXBuildFile; fileRef = 08E30CC82D887F1D00C4D515 /* Rasberry_Pi_CameraUITestsLaunchTests.swift */; };
		08E30CD22D887F1D00C4D515 /* Preview Assets.xcassets in Resources */ = {isa = PBXBuildFile; fileRef = 08E30CBC2D887F1D00C4D515 /* Preview Assets.xcassets */; };
		08E30CD32D887F1D00C4D515 /* Assets.xcassets in Resources */ = {isa = PBXBuildFile; fileRef = 08E30CBE2D887F1D00C4D515 /* Assets.xcassets */; };
/* End PBXBuildFile section */

/* Begin PBXContainerItemProxy section */
		088DA6712D87DAFF000BC26E /* PBXContainerItemProxy */ = {
			isa = PBXContainerItemProxy;
			containerPortal = 088DA6582D87DAFB000BC26E /* Project object */;
			proxyType = 1;
			remoteGlobalIDString = 088DA65F2D87DAFB000BC26E;
			remoteInfo = "Rasberry Pi Camera";
		};
		088DA67B2D87DAFF000BC26E /* PBXContainerItemProxy */ = {
			isa = PBXContainerItemProxy;
			containerPortal = 088DA6582D87DAFB000BC26E /* Project object */;
			proxyType = 1;
			remoteGlobalIDString = 088DA65F2D87DAFB000BC26E;
			remoteInfo = "Rasberry Pi Camera";
		};
/* End PBXContainerItemProxy section */

/* Begin PBXFileReference section */
		088DA6602D87DAFB000BC26E /* Raspberry Pi Camera.app */ = {isa = PBXFileReference; explicitFileType = wrapper.application; includeInIndex = 0; path = "Raspberry Pi Camera.app"; sourceTree = BUILT_PRODUCTS_DIR; };
		088DA6702D87DAFF000BC26E /* Raspberry Pi CameraTests.xctest */ = {isa = PBXFileReference; explicitFileType = wrapper.cfbundle; includeInIndex = 0; path = "Raspberry Pi CameraTests.xctest"; sourceTree = BUILT_PRODUCTS_DIR; };
		088DA67A2D87DAFF000BC26E /* Raspberry Pi CameraUITests.xctest */ = {isa = PBXFileReference; explicitFileType = wrapper.cfbundle; includeInIndex = 0; path = "Raspberry Pi CameraUITests.xctest"; sourceTree = BUILT_PRODUCTS_DIR; };
		08E30CBC2D887F1D00C4D515 /* Preview Assets.xcassets */ = {isa = PBXFileReference; lastKnownFileType = folder.assetcatalog; path = "Preview Assets.xcassets"; sourceTree = "<group>"; };
		08E30CBE2D887F1D00C4D515 /* Assets.xcassets */ = {isa = PBXFileReference; lastKnownFileType = folder.assetcatalog; path = Assets.xcassets; sourceTree = "<group>"; };
		08E30CBF2D887F1D00C4D515 /* ContentView.swift */ = {isa = PBXFileReference; lastKnownFileType = sourcecode.swift; path = ContentView.swift; sourceTree = "<group>"; };
		08E30CC02D887F1D00C4D515 /* Raspberry_Pi_CameraApp.swift */ = {isa = PBXFileReference; lastKnownFileType = sourcecode.swift; path = Raspberry_Pi_CameraApp.swift; sourceTree = "<group>"; };
		08E30CC12D887F1D00C4D515 /* SettingsView.swift */ = {isa = PBXFileReference; lastKnownFileType = sourcecode.swift; path = SettingsView.swift; sourceTree = "<group>"; };
		08E30CC22D887F1D00C4D515 /* StreamManager.swift */ = {isa = PBXFileReference; lastKnownFileType = sourcecode.swift; path = StreamManager.swift; sourceTree = "<group>"; };
		08E30CC32D887F1D00C4D515 /* VideoStreamView.swift */ = {isa = PBXFileReference; lastKnownFileType = sourcecode.swift; path = VideoStreamView.swift; sourceTree = "<group>"; };
		08E30CC52D887F1D00C4D515 /* Raspberry_Pi_CameraTests.swift */ = {isa = PBXFileReference; lastKnownFileType = sourcecode.swift; path = Raspberry_Pi_CameraTests.swift; sourceTree = "<group>"; };
		08E30CC72D887F1D00C4D515 /* Rasberry_Pi_CameraUITests.swift */ = {isa = PBXFileReference; lastKnownFileType = sourcecode.swift; path = Rasberry_Pi_CameraUITests.swift; sourceTree = "<group>"; };
		08E30CC82D887F1D00C4D515 /* Rasberry_Pi_CameraUITestsLaunchTests.swift */ = {isa = PBXFileReference; lastKnownFileType = sourcecode.swift; path = Rasberry_Pi_CameraUITestsLaunchTests.swift; sourceTree = "<group>"; };
/* End PBXFileReference section */

/* Begin PBXFrameworksBuildPhase section */
		088DA65D2D87DAFB000BC26E /* Frameworks */ = {
			isa = PBXFrameworksBuildPhase;
			buildActionMask = 2147483647;
			files = (
			);
			runOnlyForDeploymentPostprocessing = 0;
		};
		088DA66D2D87DAFF000BC26E /* Frameworks */ = {
			isa = PBXFrameworksBuildPhase;
			buildActionMask = 2147483647;
			files = (
			);
			runOnlyForDeploymentPostprocessing = 0;
		};
		088DA6772D87DAFF000BC26E /* Frameworks */ = {
			isa = PBXFrameworksBuildPhase;
			buildActionMask = 2147483647;
			files = (
			);
			runOnlyForDeploymentPostprocessing = 0;
		};
/* End PBXFrameworksBuildPhase section */

/* Begin PBXGroup section */
		088DA6572D87DAFB000BC26E = {
			isa = PBXGroup;
			children = (
				08E30CC42D887F1D00C4D515 /* Raspberry Pi Camera */,
				08E30CC62D887F1D00C4D515 /* Raspberry Pi CameraTests */,
				08E30CC92D887F1D00C4D515 /* Raspberry Pi CameraUITests */,
				088DA6612D87DAFB000BC26E /* Products */,
			);
			sourceTree = "<group>";
		};
		088DA6612D87DAFB000BC26E /* Products */ = {
			isa = PBXGroup;
			children = (
				088DA6602D87DAFB000BC26E /* Raspberry Pi Camera.app */,
				088DA6702D87DAFF000BC26E /* Raspberry Pi CameraTests.xctest */,
				088DA67A2D87DAFF000BC26E /* Raspberry Pi CameraUITests.xctest */,
			);
			name = Products;
			sourceTree = "<group>";
		};
		08E30CBD2D887F1D00C4D515 /* Preview Content */ = {
			isa = PBXGroup;
			children = (
				08E30CBC2D887F1D00C4D515 /* Preview Assets.xcassets */,
			);
			path = "Preview Content";
			sourceTree = "<group>";
		};
		08E30CC42D887F1D00C4D515 /* Raspberry Pi Camera */ = {
			isa = PBXGroup;
			children = (
				08E30CBD2D887F1D00C4D515 /* Preview Content */,
				08E30CBE2D887F1D00C4D515 /* Assets.xcassets */,
				08E30CBF2D887F1D00C4D515 /* ContentView.swift */,
				08E30CC02D887F1D00C4D515 /* Raspberry_Pi_CameraApp.swift */,
				08E30CC12D887F1D00C4D515 /* SettingsView.swift */,
				08E30CC22D887F1D00C4D515 /* StreamManager.swift */,
				08E30CC32D887F1D00C4D515 /* VideoStreamView.swift */,
			);
			path = "Raspberry Pi Camera";
			sourceTree = "<group>";
		};
		08E30CC62D887F1D00C4D515 /* Raspberry Pi CameraTests */ = {
			isa = PBXGroup;
			children = (
				08E30CC52D887F1D00C4D515 /* Raspberry_Pi_CameraTests.swift */,
			);
			path = "Raspberry Pi CameraTests";
			sourceTree = "<group>";
		};
		08E30CC92D887F1D00C4D515 /* Raspberry Pi CameraUITests */ = {
			isa = PBXGroup;
			children = (
				08E30CC72D887F1D00C4D515 /* Rasberry_Pi_CameraUITests.swift */,
				08E30CC82D887F1D00C4D515 /* Rasberry_Pi_CameraUITestsLaunchTests.swift */,
			);
			path = "Raspberry Pi CameraUITests";
			sourceTree = "<group>";
		};
/* End PBXGroup section */

/* Begin PBXNativeTarget section */
		088DA65F2D87DAFB000BC26E /* Raspberry Pi Camera */ = {
			isa = PBXNativeTarget;
			buildConfigurationList = 088DA6842D87DAFF000BC26E /* Build configuration list for PBXNativeTarget "Raspberry Pi Camera" */;
			buildPhases = (
				088DA65C2D87DAFB000BC26E /* Sources */,
				088DA65D2D87DAFB000BC26E /* Frameworks */,
				088DA65E2D87DAFB000BC26E /* Resources */,
			);
			buildRules = (
			);
			dependencies = (
			);
			name = "Raspberry Pi Camera";
			packageProductDependencies = (
			);
			productName = "Rasberry Pi Camera";
			productReference = 088DA6602D87DAFB000BC26E /* Raspberry Pi Camera.app */;
			productType = "com.apple.product-type.application";
		};
		088DA66F2D87DAFF000BC26E /* Raspberry Pi CameraTests */ = {
			isa = PBXNativeTarget;
			buildConfigurationList = 088DA6872D87DAFF000BC26E /* Build configuration list for PBXNativeTarget "Raspberry Pi CameraTests" */;
			buildPhases = (
				088DA66C2D87DAFF000BC26E /* Sources */,
				088DA66D2D87DAFF000BC26E /* Frameworks */,
				088DA66E2D87DAFF000BC26E /* Resources */,
			);
			buildRules = (
			);
			dependencies = (
				088DA6722D87DAFF000BC26E /* PBXTargetDependency */,
			);
			name = "Raspberry Pi CameraTests";
			packageProductDependencies = (
			);
			productName = "Rasberry Pi CameraTests";
			productReference = 088DA6702D87DAFF000BC26E /* Raspberry Pi CameraTests.xctest */;
			productType = "com.apple.product-type.bundle.unit-test";
		};
		088DA6792D87DAFF000BC26E /* Raspberry Pi CameraUITests */ = {
			isa = PBXNativeTarget;
			buildConfigurationList = 088DA68A2D87DAFF000BC26E /* Build configuration list for PBXNativeTarget "Raspberry Pi CameraUITests" */;
			buildPhases = (
				088DA6762D87DAFF000BC26E /* Sources */,
				088DA6772D87DAFF000BC26E /* Frameworks */,
				088DA6782D87DAFF000BC26E /* Resources */,
			);
			buildRules = (
			);
			dependencies = (
				088DA67C2D87DAFF000BC26E /* PBXTargetDependency */,
			);
			name = "Raspberry Pi CameraUITests";
			packageProductDependencies = (
			);
			productName = "Rasberry Pi CameraUITests";
			productReference = 088DA67A2D87DAFF000BC26E /* Raspberry Pi CameraUITests.xctest */;
			productType = "com.apple.product-type.bundle.ui-testing";
		};
/* End PBXNativeTarget section */

/* Begin PBXProject section */
		088DA6582D87DAFB000BC26E /* Project object */ = {
			isa = PBXProject;
			attributes = {
				BuildIndependentTargetsInParallel = 1;
				LastSwiftUpdateCheck = 1620;
				LastUpgradeCheck = 1620;
				TargetAttributes = {
					088DA65F2D87DAFB000BC26E = {
						CreatedOnToolsVersion = 16.2;
					};
					088DA66F2D87DAFF000BC26E = {
						CreatedOnToolsVersion = 16.2;
						TestTargetID = 088DA65F2D87DAFB000BC26E;
					};
					088DA6792D87DAFF000BC26E = {
						CreatedOnToolsVersion = 16.2;
						TestTargetID = 088DA65F2D87DAFB000BC26E;
					};
				};
			};
			buildConfigurationList = 088DA65B2D87DAFB000BC26E /* Build configuration list for PBXProject "Raspberry Pi Camera" */;
			developmentRegion = en;
			hasScannedForEncodings = 0;
			knownRegions = (
				en,
				Base,
			);
			mainGroup = 088DA6572D87DAFB000BC26E;
			minimizedProjectReferenceProxies = 1;
			preferredProjectObjectVersion = 77;
			productRefGroup = 088DA6612D87DAFB000BC26E /* Products */;
			projectDirPath = "";
			projectRoot = "";
			targets = (
				088DA65F2D87DAFB000BC26E /* Raspberry Pi Camera */,
				088DA66F2D87DAFF000BC26E /* Raspberry Pi CameraTests */,
				088DA6792D87DAFF000BC26E /* Raspberry Pi CameraUITests */,
			);
		};
/* End PBXProject section */

/* Begin PBXResourcesBuildPhase section */
		088DA65E2D87DAFB000BC26E /* Resources */ = {
			isa = PBXResourcesBuildPhase;
			buildActionMask = 2147483647;
			files = (
				08E30CD22D887F1D00C4D515 /* Preview Assets.xcassets in Resources */,
				08E30CD32D887F1D00C4D515 /* Assets.xcassets in Resources */,
			);
			runOnlyForDeploymentPostprocessing = 0;
		};
		088DA66E2D87DAFF000BC26E /* Resources */ = {
			isa = PBXResourcesBuildPhase;
			buildActionMask = 2147483647;
			files = (
			);
			runOnlyForDeploymentPostprocessing = 0;
		};
		088DA6782D87DAFF000BC26E /* Resources */ = {
			isa = PBXResourcesBuildPhase;
			buildActionMask = 2147483647;
			files = (
			);
			runOnlyForDeploymentPostprocessing = 0;
		};
/* End PBXResourcesBuildPhase section */

/* Begin PBXSourcesBuildPhase section */
		088DA65C2D87DAFB000BC26E /* Sources */ = {
			isa = PBXSourcesBuildPhase;
			buildActionMask = 2147483647;
			files = (
				08E30CCA2D887F1D00C4D515 /* Raspberry_Pi_CameraApp.swift in Sources */,
				08E30CCB2D887F1D00C4D515 /* Raspberry_Pi_CameraTests.swift in Sources */,
				08E30CCC2D887F1D00C4D515 /* StreamManager.swift in Sources */,
				08E30CCD2D887F1D00C4D515 /* Rasberry_Pi_CameraUITests.swift in Sources */,
				08E30CCE2D887F1D00C4D515 /* VideoStreamView.swift in Sources */,
				08E30CCF2D887F1D00C4D515 /* ContentView.swift in Sources */,
				08E30CD02D887F1D00C4D515 /* SettingsView.swift in Sources */,
				08E30CD12D887F1D00C4D515 /* Rasberry_Pi_CameraUITestsLaunchTests.swift in Sources */,
			);
			runOnlyForDeploymentPostprocessing = 0;
		};
		088DA66C2D87DAFF000BC26E /* Sources */ = {
			isa = PBXSourcesBuildPhase;
			buildActionMask = 2147483647;
			files = (
			);
			runOnlyForDeploymentPostprocessing = 0;
		};
		088DA6762D87DAFF000BC26E /* Sources */ = {
			isa = PBXSourcesBuildPhase;
			buildActionMask = 2147483647;
			files = (
			);
			runOnlyForDeploymentPostprocessing = 0;
		};
/* End PBXSourcesBuildPhase section */

/* Begin PBXTargetDependency section */
		088DA6722D87DAFF000BC26E /* PBXTargetDependency */ = {
			isa = PBXTargetDependency;
			target = 088DA65F2D87DAFB000BC26E /* Raspberry Pi Camera */;
			targetProxy = 088DA6712D87DAFF000BC26E /* PBXContainerItemProxy */;
		};
		088DA67C2D87DAFF000BC26E /* PBXTargetDependency */ = {
			isa = PBXTargetDependency;
			target = 088DA65F2D87DAFB000BC26E /* Raspberry Pi Camera */;
			targetProxy = 088DA67B2D87DAFF000BC26E /* PBXContainerItemProxy */;
		};
/* End PBXTargetDependency section */

/* Begin XCBuildConfiguration section */
		088DA6822D87DAFF000BC26E /* Debug */ = {
			isa = XCBuildConfiguration;
			buildSettings = {
				ALWAYS_SEARCH_USER_PATHS = NO;
				ASSETCATALOG_COMPILER_GENERATE_SWIFT_ASSET_SYMBOL_EXTENSIONS = YES;
				CLANG_ANALYZER_NONNULL = YES;
				CLANG_ANALYZER_NUMBER_OBJECT_CONVERSION = YES_AGGRESSIVE;
				CLANG_CXX_LANGUAGE_STANDARD = "gnu++20";
				CLANG_ENABLE_MODULES = YES;
				CLANG_ENABLE_OBJC_ARC = YES;
				CLANG_ENABLE_OBJC_WEAK = YES;
				CLANG_WARN_BLOCK_CAPTURE_AUTORELEASING = YES;
				CLANG_WARN_BOOL_CONVERSION = YES;
				CLANG_WARN_COMMA = YES;
				CLANG_WARN_CONSTANT_CONVERSION = YES;
				CLANG_WARN_DEPRECATED_OBJC_IMPLEMENTATIONS = YES;
				CLANG_WARN_DIRECT_OBJC_ISA_USAGE = YES_ERROR;
				CLANG_WARN_DOCUMENTATION_COMMENTS = YES;
				CLANG_WARN_EMPTY_BODY = YES;
				CLANG_WARN_ENUM_CONVERSION = YES;
				CLANG_WARN_INFINITE_RECURSION = YES;
				CLANG_WARN_INT_CONVERSION = YES;
				CLANG_WARN_NON_LITERAL_NULL_CONVERSION = YES;
				CLANG_WARN_OBJC_IMPLICIT_RETAIN_SELF = YES;
				CLANG_WARN_OBJC_LITERAL_CONVERSION = YES;
				CLANG_WARN_OBJC_ROOT_CLASS = YES_ERROR;
				CLANG_WARN_QUOTED_INCLUDE_IN_FRAMEWORK_HEADER = YES;
				CLANG_WARN_RANGE_LOOP_ANALYSIS = YES;
				CLANG_WARN_STRICT_PROTOTYPES = YES;
				CLANG_WARN_SUSPICIOUS_MOVE = YES;
				CLANG_WARN_UNGUARDED_AVAILABILITY = YES_AGGRESSIVE;
				CLANG_WARN_UNREACHABLE_CODE = YES;
				CLANG_WARN__DUPLICATE_METHOD_MATCH = YES;
				COPY_PHASE_STRIP = NO;
				DEBUG_INFORMATION_FORMAT = dwarf;
				ENABLE_STRICT_OBJC_MSGSEND = YES;
				ENABLE_TESTABILITY = YES;
				ENABLE_USER_SCRIPT_SANDBOXING = YES;
				GCC_C_LANGUAGE_STANDARD = gnu17;
				GCC_DYNAMIC_NO_PIC = NO;
				GCC_NO_COMMON_BLOCKS = YES;
				GCC_OPTIMIZATION_LEVEL = 0;
				GCC_PREPROCESSOR_DEFINITIONS = (
					"DEBUG=1",
					"$(inherited)",
				);
				GCC_WARN_64_TO_32_BIT_CONVERSION = YES;
				GCC_WARN_ABOUT_RETURN_TYPE = YES_ERROR;
				GCC_WARN_UNDECLARED_SELECTOR = YES;
				GCC_WARN_UNINITIALIZED_AUTOS = YES_AGGRESSIVE;
				GCC_WARN_UNUSED_FUNCTION = YES;
				GCC_WARN_UNUSED_VARIABLE = YES;
				IPHONEOS_DEPLOYMENT_TARGET = 18.2;
				LOCALIZATION_PREFERS_STRING_CATALOGS = YES;
				MTL_ENABLE_DEBUG_INFO = INCLUDE_SOURCE;
				MTL_FAST_MATH = YES;
				ONLY_ACTIVE_ARCH = YES;
				SDKROOT = iphoneos;
				SWIFT_ACTIVE_COMPILATION_CONDITIONS = "DEBUG $(inherited)";
				SWIFT_OPTIMIZATION_LEVEL = "-Onone";
			};
			name = Debug;
		};
		088DA6832D87DAFF000BC26E /* Release */ = {
			isa = XCBuildConfiguration;
			buildSettings = {
				ALWAYS_SEARCH_USER_PATHS = NO;
				ASSETCATALOG_COMPILER_GENERATE_SWIFT_ASSET_SYMBOL_EXTENSIONS = YES;
				CLANG_ANALYZER_NONNULL = YES;
				CLANG_ANALYZER_NUMBER_OBJECT_CONVERSION = YES_AGGRESSIVE;
				CLANG_CXX_LANGUAGE_STANDARD = "gnu++20";
				CLANG_ENABLE_MODULES = YES;
				CLANG_ENABLE_OBJC_ARC = YES;
				CLANG_ENABLE_OBJC_WEAK = YES;
				CLANG_WARN_BLOCK_CAPTURE_AUTORELEASING = YES;
				CLANG_WARN_BOOL_CONVERSION = YES;
				CLANG_WARN_COMMA = YES;
				CLANG_WARN_CONSTANT_CONVERSION = YES;
				CLANG_WARN_DEPRECATED_OBJC_IMPLEMENTATIONS = YES;
				CLANG_WARN_DIRECT_OBJC_ISA_USAGE = YES_ERROR;
				CLANG_WARN_DOCUMENTATION_COMMENTS = YES;
				CLANG_WARN_EMPTY_BODY = YES;
				CLANG_WARN_ENUM_CONVERSION = YES;
				CLANG_WARN_INFINITE_RECURSION = YES;
				CLANG_WARN_INT_CONVERSION = YES;
				CLANG_WARN_NON_LITERAL_NULL_CONVERSION = YES;
				CLANG_WARN_OBJC_IMPLICIT_RETAIN_SELF = YES;
				CLANG_WARN_OBJC_LITERAL_CONVERSION = YES;
				CLANG_WARN_OBJC_ROOT_CLASS = YES_ERROR;
				CLANG_WARN_QUOTED_INCLUDE_IN_FRAMEWORK_HEADER = YES;
				CLANG_WARN_RANGE_LOOP_ANALYSIS = YES;
				CLANG_WARN_STRICT_PROTOTYPES = YES;
				CLANG_WARN_SUSPICIOUS_MOVE = YES;
				CLANG_WARN_UNGUARDED_AVAILABILITY = YES_AGGRESSIVE;
				CLANG_WARN_UNREACHABLE_CODE = YES;
				CLANG_WARN__DUPLICATE_METHOD_MATCH = YES;
				COPY_PHASE_STRIP = NO;
				DEBUG_INFORMATION_FORMAT = "dwarf-with-dsym";
				ENABLE_NS_ASSERTIONS = NO;
				ENABLE_STRICT_OBJC_MSGSEND = YES;
				ENABLE_USER_SCRIPT_SANDBOXING = YES;
				GCC_C_LANGUAGE_STANDARD = gnu17;
				GCC_NO_COMMON_BLOCKS = YES;
				GCC_WARN_64_TO_32_BIT_CONVERSION = YES;
				GCC_WARN_ABOUT_RETURN_TYPE = YES_ERROR;
				GCC_WARN_UNDECLARED_SELECTOR = YES;
				GCC_WARN_UNINITIALIZED_AUTOS = YES_AGGRESSIVE;
				GCC_WARN_UNUSED_FUNCTION = YES;
				GCC_WARN_UNUSED_VARIABLE = YES;
				IPHONEOS_DEPLOYMENT_TARGET = 18.2;
				LOCALIZATION_PREFERS_STRING_CATALOGS = YES;
				MTL_ENABLE_DEBUG_INFO = NO;
				MTL_FAST_MATH = YES;
				SDKROOT = iphoneos;
				SWIFT_COMPILATION_MODE = wholemodule;
				VALIDATE_PRODUCT = YES;
			};
			name = Release;
		};
		088DA6852D87DAFF000BC26E /* Debug */ = {
			isa = XCBuildConfiguration;
			buildSettings = {
				ASSETCATALOG_COMPILER_APPICON_NAME = AppIcon;
				ASSETCATALOG_COMPILER_GLOBAL_ACCENT_COLOR_NAME = AccentColor;
				CODE_SIGN_STYLE = Automatic;
				CURRENT_PROJECT_VERSION = 1;
				DEVELOPMENT_ASSET_PATHS = "\"Raspberry Pi Camera/Preview Content\"";
				DEVELOPMENT_TEAM = DJM9323KR9;
				ENABLE_PREVIEWS = YES;
				GENERATE_INFOPLIST_FILE = YES;
				INFOPLIST_KEY_UIApplicationSceneManifest_Generation = YES;
				INFOPLIST_KEY_UIApplicationSupportsIndirectInputEvents = YES;
				INFOPLIST_KEY_UILaunchScreen_Generation = YES;
				INFOPLIST_KEY_UISupportedInterfaceOrientations_iPad = "UIInterfaceOrientationPortrait UIInterfaceOrientationPortraitUpsideDown UIInterfaceOrientationLandscapeLeft UIInterfaceOrientationLandscapeRight";
				INFOPLIST_KEY_UISupportedInterfaceOrientations_iPhone = "UIInterfaceOrientationPortrait UIInterfaceOrientationLandscapeLeft UIInterfaceOrientationLandscapeRight";
				LD_RUNPATH_SEARCH_PATHS = (
					"$(inherited)",
					"@executable_path/Frameworks",
				);
				MARKETING_VERSION = 1.0;
				PRODUCT_BUNDLE_IDENTIFIER = "com.threefingers.Rasberry-Pi-Camera";
				PRODUCT_NAME = "$(TARGET_NAME)";
				SWIFT_EMIT_LOC_STRINGS = YES;
				SWIFT_VERSION = 5.0;
				TARGETED_DEVICE_FAMILY = "1,2";
			};
			name = Debug;
		};
		088DA6862D87DAFF000BC26E /* Release */ = {
			isa = XCBuildConfiguration;
			buildSettings = {
				ASSETCATALOG_COMPILER_APPICON_NAME = AppIcon;
				ASSETCATALOG_COMPILER_GLOBAL_ACCENT_COLOR_NAME = AccentColor;
				CODE_SIGN_STYLE = Automatic;
				CURRENT_PROJECT_VERSION = 1;
				DEVELOPMENT_ASSET_PATHS = "\"Raspberry Pi Camera/Preview Content\"";
				DEVELOPMENT_TEAM = DJM9323KR9;
				ENABLE_PREVIEWS = YES;
				GENERATE_INFOPLIST_FILE = YES;
				INFOPLIST_KEY_UIApplicationSceneManifest_Generation = YES;
				INFOPLIST_KEY_UIApplicationSupportsIndirectInputEvents = YES;
				INFOPLIST_KEY_UILaunchScreen_Generation = YES;
				INFOPLIST_KEY_UISupportedInterfaceOrientations_iPad = "UIInterfaceOrientationPortrait UIInterfaceOrientationPortraitUpsideDown UIInterfaceOrientationLandscapeLeft UIInterfaceOrientationLandscapeRight";
				INFOPLIST_KEY_UISupportedInterfaceOrientations_iPhone = "UIInterfaceOrientationPortrait UIInterfaceOrientationLandscapeLeft UIInterfaceOrientationLandscapeRight";
				LD_RUNPATH_SEARCH_PATHS = (
					"$(inherited)",
					"@executable_path/Frameworks",
				);
				MARKETING_VERSION = 1.0;
				PRODUCT_BUNDLE_IDENTIFIER = "com.threefingers.Rasberry-Pi-Camera";
				PRODUCT_NAME = "$(TARGET_NAME)";
				SWIFT_EMIT_LOC_STRINGS = YES;
				SWIFT_VERSION = 5.0;
				TARGETED_DEVICE_FAMILY = "1,2";
			};
			name = Release;
		};
		088DA6882D87DAFF000BC26E /* Debug */ = {
			isa = XCBuildConfiguration;
			buildSettings = {
				BUNDLE_LOADER = "$(TEST_HOST)";
				CODE_SIGN_STYLE = Automatic;
				CURRENT_PROJECT_VERSION = 1;
				DEVELOPMENT_TEAM = DJM9323KR9;
				GENERATE_INFOPLIST_FILE = YES;
				IPHONEOS_DEPLOYMENT_TARGET = 18.2;
				MARKETING_VERSION = 1.0;
				PRODUCT_BUNDLE_IDENTIFIER = "com.threefingers.Rasberry-Pi-CameraTests";
				PRODUCT_NAME = "$(TARGET_NAME)";
				SWIFT_EMIT_LOC_STRINGS = NO;
				SWIFT_VERSION = 5.0;
				TARGETED_DEVICE_FAMILY = "1,2";
				TEST_HOST = "$(BUILT_PRODUCTS_DIR)/Rasberry Pi Camera.app/$(BUNDLE_EXECUTABLE_FOLDER_PATH)/Rasberry Pi Camera";
			};
			name = Debug;
		};
		088DA6892D87DAFF000BC26E /* Release */ = {
			isa = XCBuildConfiguration;
			buildSettings = {
				BUNDLE_LOADER = "$(TEST_HOST)";
				CODE_SIGN_STYLE = Automatic;
				CURRENT_PROJECT_VERSION = 1;
				DEVELOPMENT_TEAM = DJM9323KR9;
				GENERATE_INFOPLIST_FILE = YES;
				IPHONEOS_DEPLOYMENT_TARGET = 18.2;
				MARKETING_VERSION = 1.0;
				PRODUCT_BUNDLE_IDENTIFIER = "com.threefingers.Rasberry-Pi-CameraTests";
				PRODUCT_NAME = "$(TARGET_NAME)";
				SWIFT_EMIT_LOC_STRINGS = NO;
				SWIFT_VERSION = 5.0;
				TARGETED_DEVICE_FAMILY = "1,2";
				TEST_HOST = "$(BUILT_PRODUCTS_DIR)/Rasberry Pi Camera.app/$(BUNDLE_EXECUTABLE_FOLDER_PATH)/Rasberry Pi Camera";
			};
			name = Release;
		};
		088DA68B2D87DAFF000BC26E /* Debug */ = {
			isa = XCBuildConfiguration;
			buildSettings = {
				CODE_SIGN_STYLE = Automatic;
				CURRENT_PROJECT_VERSION = 1;
				DEVELOPMENT_TEAM = DJM9323KR9;
				GENERATE_INFOPLIST_FILE = YES;
				MARKETING_VERSION = 1.0;
				PRODUCT_BUNDLE_IDENTIFIER = "com.threefingers.Rasberry-Pi-CameraUITests";
				PRODUCT_NAME = "$(TARGET_NAME)";
				SWIFT_EMIT_LOC_STRINGS = NO;
				SWIFT_VERSION = 5.0;
				TARGETED_DEVICE_FAMILY = "1,2";
				TEST_TARGET_NAME = "Rasberry Pi Camera";
			};
			name = Debug;
		};
		088DA68C2D87DAFF000BC26E /* Release */ = {
			isa = XCBuildConfiguration;
			buildSettings = {
				CODE_SIGN_STYLE = Automatic;
				CURRENT_PROJECT_VERSION = 1;
				DEVELOPMENT_TEAM = DJM9323KR9;
				GENERATE_INFOPLIST_FILE = YES;
				MARKETING_VERSION = 1.0;
				PRODUCT_BUNDLE_IDENTIFIER = "com.threefingers.Rasberry-Pi-CameraUITests";
				PRODUCT_NAME = "$(TARGET_NAME)";
				SWIFT_EMIT_LOC_STRINGS = NO;
				SWIFT_VERSION = 5.0;
				TARGETED_DEVICE_FAMILY = "1,2";
				TEST_TARGET_NAME = "Rasberry Pi Camera";
			};
			name = Release;
		};
/* End XCBuildConfiguration section */

/* Begin XCConfigurationList section */
		088DA65B2D87DAFB000BC26E /* Build configuration list for PBXProject "Raspberry Pi Camera" */ = {
			isa = XCConfigurationList;
			buildConfigurations = (
				088DA6822D87DAFF000BC26E /* Debug */,
				088DA6832D87DAFF000BC26E /* Release */,
			);
			defaultConfigurationIsVisible = 0;
			defaultConfigurationName = Release;
		};
		088DA6842D87DAFF000BC26E /* Build configuration list for PBXNativeTarget "Raspberry Pi Camera" */ = {
			isa = XCConfigurationList;
			buildConfigurations = (
				088DA6852D87DAFF000BC26E /* Debug */,
				088DA6862D87DAFF000BC26E /* Release */,
			);
			defaultConfigurationIsVisible = 0;
			defaultConfigurationName = Release;
		};
		088DA6872D87DAFF000BC26E /* Build configuration list for PBXNativeTarget "Raspberry Pi CameraTests" */ = {
			isa = XCConfigurationList;
			buildConfigurations = (
				088DA6882D87DAFF000BC26E /* Debug */,
				088DA6892D87DAFF000BC26E /* Release */,
			);
			defaultConfigurationIsVisible = 0;
			defaultConfigurationName = Release;
		};
		088DA68A2D87DAFF000BC26E /* Build configuration list for PBXNativeTarget "Raspberry Pi CameraUITests" */ = {
			isa = XCConfigurationList;
			buildConfigurations = (
				088DA68B2D87DAFF000BC26E /* Debug */,
				088DA68C2D87DAFF000BC26E /* Release */,
			);
			defaultConfigurationIsVisible = 0;
			defaultConfigurationName = Release;
		};
/* End XCConfigurationList section */
	};
	rootObject = 088DA6582D87DAFB000BC26E /* Project object */;
}
